
Microsoft Visual Studio Solution File, Format Version 12.00
# Visual Studio Version 17
VisualStudioVersion = 17.5.002.0
MinimumVisualStudioVersion = 10.0.40219.1
Project("{9A19103F-16F7-4668-BE54-9A1E7A4F7556}") = "goodReads", "goodReads\goodReads.csproj", "{F83AEEC8-A14A-4EB9-8E94-940F4756C97E}"
EndProject
Global
	GlobalSection(SolutionConfigurationPlatforms) = preSolution
		Debug|Any CPU = Debug|Any CPU
		Release|Any CPU = Release|Any CPU
	EndGlobalSection
	GlobalSection(ProjectConfigurationPlatforms) = postSolution
		{F83AEEC8-A14A-4EB9-8E94-940F4756C97E}.Debug|Any CPU.ActiveCfg = Debug|Any CPU
		{F83AEEC8-A14A-4EB9-8E94-940F4756C97E}.Debug|Any CPU.Build.0 = Debug|Any CPU
		{F83AEEC8-A14A-4EB9-8E94-940F4756C97E}.Release|Any CPU.ActiveCfg = Release|Any CPU
		{F83AEEC8-A14A-4EB9-8E94-940F4756C97E}.Release|Any CPU.Build.0 = Release|Any CPU
	EndGlobalSection
	GlobalSection(SolutionProperties) = preSolution
		HideSolutionNode = FALSE
	EndGlobalSection
	GlobalSection(ExtensibilityGlobals) = postSolution
		SolutionGuid = {7CAE0865-9A14-4613-AFB9-CDCBBFF678DF}
	EndGlobalSection
EndGlobal
